// !$*UTF8*$!
{
	archiveVersion = 1;
	classes = {
	};
	objectVersion = 46;
	objects = {

/* Begin PBXBuildFile section */
		0792B27F796AFE32709AD29E /* libPods-Inspector.a in Frameworks */ = {isa = PBXBuildFile; fileRef = ACCD9E78B49492EBE2DE5D69 /* libPods-Inspector.a */; };
		3B15C2E415A353E300C1AC0C /* libz.dylib in Frameworks */ = {isa = PBXBuildFile; fileRef = 3B15C2E315A353E300C1AC0C /* libz.dylib */; };
		3B26C9E81551B4FC0094F61C /* DPUser.m in Sources */ = {isa = PBXBuildFile; fileRef = 3B26C9E71551B4FC0094F61C /* DPUser.m */; };
		3B26C9EB1551D4880094F61C /* DPJob.m in Sources */ = {isa = PBXBuildFile; fileRef = 3B26C9EA1551D4870094F61C /* DPJob.m */; };
		3B26C9F71552456C0094F61C /* DPInspection.m in Sources */ = {isa = PBXBuildFile; fileRef = 3B26C9F61552456A0094F61C /* DPInspection.m */; };
		3B6FEF8F1557597F00F1E224 /* DPInspectionCell.m in Sources */ = {isa = PBXBuildFile; fileRef = 3B6FEF8E1557597F00F1E224 /* DPInspectionCell.m */; };
		3B6FEF9115575B1D00F1E224 /* DamperCodes.plist in Resources */ = {isa = PBXBuildFile; fileRef = 3B6FEF9015575B1D00F1E224 /* DamperCodes.plist */; };
		3B6FEF9315575DED00F1E224 /* DamperStatus.plist in Resources */ = {isa = PBXBuildFile; fileRef = 3B6FEF9215575DED00F1E224 /* DamperStatus.plist */; };
		3B7206FA155C190000F57295 /* DPDamperStatusesViewController.m in Sources */ = {isa = PBXBuildFile; fileRef = 3B7206F9155C190000F57295 /* DPDamperStatusesViewController.m */; };
		3B7206FD155C26C800F57295 /* DPDamperTypesViewController.m in Sources */ = {isa = PBXBuildFile; fileRef = 3B7206FC155C26C800F57295 /* DPDamperTypesViewController.m */; };
		3B720700155C474700F57295 /* DPTechnician.m in Sources */ = {isa = PBXBuildFile; fileRef = 3B7206FF155C474600F57295 /* DPTechnician.m */; };
		3B720703155C573300F57295 /* DPPhotoCaptureViewController.m in Sources */ = {isa = PBXBuildFile; fileRef = 3B720702155C573300F57295 /* DPPhotoCaptureViewController.m */; };
		3B720705155C586200F57295 /* MobileCoreServices.framework in Frameworks */ = {isa = PBXBuildFile; fileRef = 3B720704155C586100F57295 /* MobileCoreServices.framework */; };
		3B720714155CB24300F57295 /* SystemConfiguration.framework in Frameworks */ = {isa = PBXBuildFile; fileRef = 3B720713155CB24300F57295 /* SystemConfiguration.framework */; };
		3B720717155CB29600F57295 /* DPReachability.m in Sources */ = {isa = PBXBuildFile; fileRef = 3B720716155CB29500F57295 /* DPReachability.m */; };
		3B720762155CC18100F57295 /* ImageIO.framework in Frameworks */ = {isa = PBXBuildFile; fileRef = 3B720761155CC18100F57295 /* ImageIO.framework */; };
		3B720764155CC19C00F57295 /* MapKit.framework in Frameworks */ = {isa = PBXBuildFile; fileRef = 3B720763155CC19C00F57295 /* MapKit.framework */; };
		3B72077A155D504C00F57295 /* UIImage+FixOrientation.m in Sources */ = {isa = PBXBuildFile; fileRef = 3B720779155D504C00F57295 /* UIImage+FixOrientation.m */; };
		3B720783155D74E600F57295 /* DPLocalStorageFetcher.m in Sources */ = {isa = PBXBuildFile; fileRef = 3B720782155D74E300F57295 /* DPLocalStorageFetcher.m */; };
		3BAB69DF156BF8D90013E4D0 /* DPDamperAirstreamViewController.m in Sources */ = {isa = PBXBuildFile; fileRef = 3BAB69DE156BF8D90013E4D0 /* DPDamperAirstreamViewController.m */; };
		3BFECE06156B542A00EA4364 /* Inspection.m in Sources */ = {isa = PBXBuildFile; fileRef = 3BFECE05156B542A00EA4364 /* Inspection.m */; };
		3BFECE09156BCEFA00EA4364 /* DamperAirstream.plist in Resources */ = {isa = PBXBuildFile; fileRef = 3BFECE08156BCEFA00EA4364 /* DamperAirstream.plist */; };
		852622A515444F4B009B72E5 /* DPLoginViewController.m in Sources */ = {isa = PBXBuildFile; fileRef = 852622A415444F4B009B72E5 /* DPLoginViewController.m */; };
		852E28751537219E00ACC452 /* Job.m in Sources */ = {isa = PBXBuildFile; fileRef = 852E28741537219D00ACC452 /* Job.m */; };
		852FA40515349E1B00601DC9 /* DPNewInspectionTableViewController.m in Sources */ = {isa = PBXBuildFile; fileRef = 852FA40415349E1B00601DC9 /* DPNewInspectionTableViewController.m */; };
		852FA4091534CCC700601DC9 /* DPJobsTableViewController.m in Sources */ = {isa = PBXBuildFile; fileRef = 852FA4081534CCC700601DC9 /* DPJobsTableViewController.m */; };
		852FA4311535AC4500601DC9 /* DPApiClient.m in Sources */ = {isa = PBXBuildFile; fileRef = 852FA4301535AC4500601DC9 /* DPApiClient.m */; };
		853BCC0B15458F0F00163A21 /* DPLoginViewController.xib in Resources */ = {isa = PBXBuildFile; fileRef = 853BCC0A15458F0F00163A21 /* DPLoginViewController.xib */; };
		8598DF32152DCF5200659C42 /* DPInspectionsViewController.m in Sources */ = {isa = PBXBuildFile; fileRef = 8598DF31152DCF5200659C42 /* DPInspectionsViewController.m */; };
		85B98648152746400061660C /* UIKit.framework in Frameworks */ = {isa = PBXBuildFile; fileRef = 85B98647152746400061660C /* UIKit.framework */; };
		85B9864A152746400061660C /* Foundation.framework in Frameworks */ = {isa = PBXBuildFile; fileRef = 85B98649152746400061660C /* Foundation.framework */; };
		85B9864C152746400061660C /* CoreGraphics.framework in Frameworks */ = {isa = PBXBuildFile; fileRef = 85B9864B152746400061660C /* CoreGraphics.framework */; };
		85B9864E152746400061660C /* CoreData.framework in Frameworks */ = {isa = PBXBuildFile; fileRef = 85B9864D152746400061660C /* CoreData.framework */; };
		85B98654152746400061660C /* InfoPlist.strings in Resources */ = {isa = PBXBuildFile; fileRef = 85B98652152746400061660C /* InfoPlist.strings */; };
		85B98656152746400061660C /* main.m in Sources */ = {isa = PBXBuildFile; fileRef = 85B98655152746400061660C /* main.m */; };
		85B9865A152746400061660C /* DPAppDelegate.m in Sources */ = {isa = PBXBuildFile; fileRef = 85B98659152746400061660C /* DPAppDelegate.m */; };
		85B9865D152746400061660C /* MainStoryboard.storyboard in Resources */ = {isa = PBXBuildFile; fileRef = 85B9865B152746400061660C /* MainStoryboard.storyboard */; };
		85B98660152746400061660C /* Inspector.xcdatamodeld in Sources */ = {isa = PBXBuildFile; fileRef = 85B9865E152746400061660C /* Inspector.xcdatamodeld */; };
/* End PBXBuildFile section */

/* Begin PBXFileReference section */
		1D2379CC9BAD8C82A802AAD4 /* Pods-Inspector.debug.xcconfig */ = {isa = PBXFileReference; includeInIndex = 1; lastKnownFileType = text.xcconfig; name = "Pods-Inspector.debug.xcconfig"; path = "Pods/Target Support Files/Pods-Inspector/Pods-Inspector.debug.xcconfig"; sourceTree = "<group>"; };
		3B15C2E315A353E300C1AC0C /* libz.dylib */ = {isa = PBXFileReference; lastKnownFileType = "compiled.mach-o.dylib"; name = libz.dylib; path = usr/lib/libz.dylib; sourceTree = SDKROOT; };
		3B26C9E61551B4FC0094F61C /* DPUser.h */ = {isa = PBXFileReference; fileEncoding = 4; lastKnownFileType = sourcecode.c.h; path = DPUser.h; sourceTree = "<group>"; };
		3B26C9E71551B4FC0094F61C /* DPUser.m */ = {isa = PBXFileReference; fileEncoding = 4; lastKnownFileType = sourcecode.c.objc; path = DPUser.m; sourceTree = "<group>"; };
		3B26C9E91551D4870094F61C /* DPJob.h */ = {isa = PBXFileReference; fileEncoding = 4; lastKnownFileType = sourcecode.c.h; path = DPJob.h; sourceTree = "<group>"; };
		3B26C9EA1551D4870094F61C /* DPJob.m */ = {isa = PBXFileReference; fileEncoding = 4; lastKnownFileType = sourcecode.c.objc; path = DPJob.m; sourceTree = "<group>"; };
		3B26C9F5155245680094F61C /* DPInspection.h */ = {isa = PBXFileReference; fileEncoding = 4; lastKnownFileType = sourcecode.c.h; path = DPInspection.h; sourceTree = "<group>"; };
		3B26C9F61552456A0094F61C /* DPInspection.m */ = {isa = PBXFileReference; fileEncoding = 4; lastKnownFileType = sourcecode.c.objc; path = DPInspection.m; sourceTree = "<group>"; };
		3B6FEF8D1557597F00F1E224 /* DPInspectionCell.h */ = {isa = PBXFileReference; fileEncoding = 4; lastKnownFileType = sourcecode.c.h; path = DPInspectionCell.h; sourceTree = "<group>"; };
		3B6FEF8E1557597F00F1E224 /* DPInspectionCell.m */ = {isa = PBXFileReference; fileEncoding = 4; lastKnownFileType = sourcecode.c.objc; path = DPInspectionCell.m; sourceTree = "<group>"; };
		3B6FEF9015575B1D00F1E224 /* DamperCodes.plist */ = {isa = PBXFileReference; fileEncoding = 4; lastKnownFileType = text.plist.xml; path = DamperCodes.plist; sourceTree = "<group>"; };
		3B6FEF9215575DED00F1E224 /* DamperStatus.plist */ = {isa = PBXFileReference; fileEncoding = 4; lastKnownFileType = text.plist.xml; path = DamperStatus.plist; sourceTree = "<group>"; };
		3B7206F8155C190000F57295 /* DPDamperStatusesViewController.h */ = {isa = PBXFileReference; fileEncoding = 4; lastKnownFileType = sourcecode.c.h; path = DPDamperStatusesViewController.h; sourceTree = "<group>"; };
		3B7206F9155C190000F57295 /* DPDamperStatusesViewController.m */ = {isa = PBXFileReference; fileEncoding = 4; lastKnownFileType = sourcecode.c.objc; path = DPDamperStatusesViewController.m; sourceTree = "<group>"; };
		3B7206FB155C26C800F57295 /* DPDamperTypesViewController.h */ = {isa = PBXFileReference; fileEncoding = 4; lastKnownFileType = sourcecode.c.h; path = DPDamperTypesViewController.h; sourceTree = "<group>"; };
		3B7206FC155C26C800F57295 /* DPDamperTypesViewController.m */ = {isa = PBXFileReference; fileEncoding = 4; lastKnownFileType = sourcecode.c.objc; path = DPDamperTypesViewController.m; sourceTree = "<group>"; };
		3B7206FE155C474600F57295 /* DPTechnician.h */ = {isa = PBXFileReference; fileEncoding = 4; lastKnownFileType = sourcecode.c.h; path = DPTechnician.h; sourceTree = "<group>"; };
		3B7206FF155C474600F57295 /* DPTechnician.m */ = {isa = PBXFileReference; fileEncoding = 4; lastKnownFileType = sourcecode.c.objc; path = DPTechnician.m; sourceTree = "<group>"; };
		3B720701155C573200F57295 /* DPPhotoCaptureViewController.h */ = {isa = PBXFileReference; fileEncoding = 4; lastKnownFileType = sourcecode.c.h; path = DPPhotoCaptureViewController.h; sourceTree = "<group>"; };
		3B720702155C573300F57295 /* DPPhotoCaptureViewController.m */ = {isa = PBXFileReference; fileEncoding = 4; lastKnownFileType = sourcecode.c.objc; path = DPPhotoCaptureViewController.m; sourceTree = "<group>"; };
		3B720704155C586100F57295 /* MobileCoreServices.framework */ = {isa = PBXFileReference; lastKnownFileType = wrapper.framework; name = MobileCoreServices.framework; path = System/Library/Frameworks/MobileCoreServices.framework; sourceTree = SDKROOT; };
		3B720713155CB24300F57295 /* SystemConfiguration.framework */ = {isa = PBXFileReference; lastKnownFileType = wrapper.framework; name = SystemConfiguration.framework; path = System/Library/Frameworks/SystemConfiguration.framework; sourceTree = SDKROOT; };
		3B720715155CB29400F57295 /* DPReachability.h */ = {isa = PBXFileReference; fileEncoding = 4; lastKnownFileType = sourcecode.c.h; path = DPReachability.h; sourceTree = "<group>"; };
		3B720716155CB29500F57295 /* DPReachability.m */ = {isa = PBXFileReference; fileEncoding = 4; lastKnownFileType = sourcecode.c.objc; path = DPReachability.m; sourceTree = "<group>"; };
		3B720761155CC18100F57295 /* ImageIO.framework */ = {isa = PBXFileReference; lastKnownFileType = wrapper.framework; name = ImageIO.framework; path = System/Library/Frameworks/ImageIO.framework; sourceTree = SDKROOT; };
		3B720763155CC19C00F57295 /* MapKit.framework */ = {isa = PBXFileReference; lastKnownFileType = wrapper.framework; name = MapKit.framework; path = System/Library/Frameworks/MapKit.framework; sourceTree = SDKROOT; };
		3B720778155D504C00F57295 /* UIImage+FixOrientation.h */ = {isa = PBXFileReference; fileEncoding = 4; lastKnownFileType = sourcecode.c.h; path = "UIImage+FixOrientation.h"; sourceTree = "<group>"; };
		3B720779155D504C00F57295 /* UIImage+FixOrientation.m */ = {isa = PBXFileReference; fileEncoding = 4; lastKnownFileType = sourcecode.c.objc; path = "UIImage+FixOrientation.m"; sourceTree = "<group>"; };
		3B720781155D74E200F57295 /* DPLocalStorageFetcher.h */ = {isa = PBXFileReference; fileEncoding = 4; lastKnownFileType = sourcecode.c.h; path = DPLocalStorageFetcher.h; sourceTree = "<group>"; };
		3B720782155D74E300F57295 /* DPLocalStorageFetcher.m */ = {isa = PBXFileReference; fileEncoding = 4; lastKnownFileType = sourcecode.c.objc; path = DPLocalStorageFetcher.m; sourceTree = "<group>"; };
		3BAB69DD156BF8D90013E4D0 /* DPDamperAirstreamViewController.h */ = {isa = PBXFileReference; fileEncoding = 4; lastKnownFileType = sourcecode.c.h; path = DPDamperAirstreamViewController.h; sourceTree = "<group>"; };
		3BAB69DE156BF8D90013E4D0 /* DPDamperAirstreamViewController.m */ = {isa = PBXFileReference; fileEncoding = 4; lastKnownFileType = sourcecode.c.objc; path = DPDamperAirstreamViewController.m; sourceTree = "<group>"; };
		3BFECDFF156B42BF00EA4364 /* Inspector 2.xcdatamodel */ = {isa = PBXFileReference; lastKnownFileType = wrapper.xcdatamodel; path = "Inspector 2.xcdatamodel"; sourceTree = "<group>"; };
		3BFECE04156B542A00EA4364 /* Inspection.h */ = {isa = PBXFileReference; fileEncoding = 4; lastKnownFileType = sourcecode.c.h; path = Inspection.h; sourceTree = "<group>"; };
		3BFECE05156B542A00EA4364 /* Inspection.m */ = {isa = PBXFileReference; fileEncoding = 4; lastKnownFileType = sourcecode.c.objc; path = Inspection.m; sourceTree = "<group>"; };
		3BFECE07156B54BD00EA4364 /* Inspector 3.xcdatamodel */ = {isa = PBXFileReference; lastKnownFileType = wrapper.xcdatamodel; path = "Inspector 3.xcdatamodel"; sourceTree = "<group>"; };
		3BFECE08156BCEFA00EA4364 /* DamperAirstream.plist */ = {isa = PBXFileReference; fileEncoding = 4; lastKnownFileType = text.plist.xml; path = DamperAirstream.plist; sourceTree = "<group>"; };
		852622A315444F4B009B72E5 /* DPLoginViewController.h */ = {isa = PBXFileReference; fileEncoding = 4; lastKnownFileType = sourcecode.c.h; path = DPLoginViewController.h; sourceTree = "<group>"; };
		852622A415444F4B009B72E5 /* DPLoginViewController.m */ = {isa = PBXFileReference; fileEncoding = 4; lastKnownFileType = sourcecode.c.objc; path = DPLoginViewController.m; sourceTree = "<group>"; };
		852E28731537219D00ACC452 /* Job.h */ = {isa = PBXFileReference; fileEncoding = 4; lastKnownFileType = sourcecode.c.h; path = Job.h; sourceTree = "<group>"; };
		852E28741537219D00ACC452 /* Job.m */ = {isa = PBXFileReference; fileEncoding = 4; lastKnownFileType = sourcecode.c.objc; path = Job.m; sourceTree = "<group>"; };
		852FA40315349E1B00601DC9 /* DPNewInspectionTableViewController.h */ = {isa = PBXFileReference; fileEncoding = 4; lastKnownFileType = sourcecode.c.h; path = DPNewInspectionTableViewController.h; sourceTree = "<group>"; };
		852FA40415349E1B00601DC9 /* DPNewInspectionTableViewController.m */ = {isa = PBXFileReference; fileEncoding = 4; lastKnownFileType = sourcecode.c.objc; path = DPNewInspectionTableViewController.m; sourceTree = "<group>"; };
		852FA4071534CCC600601DC9 /* DPJobsTableViewController.h */ = {isa = PBXFileReference; fileEncoding = 4; lastKnownFileType = sourcecode.c.h; path = DPJobsTableViewController.h; sourceTree = "<group>"; };
		852FA4081534CCC700601DC9 /* DPJobsTableViewController.m */ = {isa = PBXFileReference; fileEncoding = 4; lastKnownFileType = sourcecode.c.objc; path = DPJobsTableViewController.m; sourceTree = "<group>"; };
		852FA42F1535AC4500601DC9 /* DPApiClient.h */ = {isa = PBXFileReference; fileEncoding = 4; lastKnownFileType = sourcecode.c.h; path = DPApiClient.h; sourceTree = "<group>"; };
		852FA4301535AC4500601DC9 /* DPApiClient.m */ = {isa = PBXFileReference; fileEncoding = 4; lastKnownFileType = sourcecode.c.objc; path = DPApiClient.m; sourceTree = "<group>"; };
		853BCC0A15458F0F00163A21 /* DPLoginViewController.xib */ = {isa = PBXFileReference; fileEncoding = 4; lastKnownFileType = file.xib; path = DPLoginViewController.xib; sourceTree = "<group>"; };
		8598DF30152DCF5200659C42 /* DPInspectionsViewController.h */ = {isa = PBXFileReference; fileEncoding = 4; lastKnownFileType = sourcecode.c.h; path = DPInspectionsViewController.h; sourceTree = "<group>"; };
		8598DF31152DCF5200659C42 /* DPInspectionsViewController.m */ = {isa = PBXFileReference; fileEncoding = 4; lastKnownFileType = sourcecode.c.objc; path = DPInspectionsViewController.m; sourceTree = "<group>"; };
		85B98643152746400061660C /* Inspector.app */ = {isa = PBXFileReference; explicitFileType = wrapper.application; includeInIndex = 0; path = Inspector.app; sourceTree = BUILT_PRODUCTS_DIR; };
		85B98647152746400061660C /* UIKit.framework */ = {isa = PBXFileReference; lastKnownFileType = wrapper.framework; name = UIKit.framework; path = System/Library/Frameworks/UIKit.framework; sourceTree = SDKROOT; };
		85B98649152746400061660C /* Foundation.framework */ = {isa = PBXFileReference; lastKnownFileType = wrapper.framework; name = Foundation.framework; path = System/Library/Frameworks/Foundation.framework; sourceTree = SDKROOT; };
		85B9864B152746400061660C /* CoreGraphics.framework */ = {isa = PBXFileReference; lastKnownFileType = wrapper.framework; name = CoreGraphics.framework; path = System/Library/Frameworks/CoreGraphics.framework; sourceTree = SDKROOT; };
		85B9864D152746400061660C /* CoreData.framework */ = {isa = PBXFileReference; lastKnownFileType = wrapper.framework; name = CoreData.framework; path = System/Library/Frameworks/CoreData.framework; sourceTree = SDKROOT; };
		85B98651152746400061660C /* Inspector-Info.plist */ = {isa = PBXFileReference; lastKnownFileType = text.plist.xml; path = "Inspector-Info.plist"; sourceTree = "<group>"; };
		85B98653152746400061660C /* en */ = {isa = PBXFileReference; lastKnownFileType = text.plist.strings; name = en; path = en.lproj/InfoPlist.strings; sourceTree = "<group>"; };
		85B98655152746400061660C /* main.m */ = {isa = PBXFileReference; lastKnownFileType = sourcecode.c.objc; path = main.m; sourceTree = "<group>"; };
		85B98657152746400061660C /* Inspector-Prefix.pch */ = {isa = PBXFileReference; lastKnownFileType = sourcecode.c.h; path = "Inspector-Prefix.pch"; sourceTree = "<group>"; };
		85B98658152746400061660C /* DPAppDelegate.h */ = {isa = PBXFileReference; lastKnownFileType = sourcecode.c.h; path = DPAppDelegate.h; sourceTree = "<group>"; };
		85B98659152746400061660C /* DPAppDelegate.m */ = {isa = PBXFileReference; lastKnownFileType = sourcecode.c.objc; path = DPAppDelegate.m; sourceTree = "<group>"; };
		85B9865C152746400061660C /* en */ = {isa = PBXFileReference; lastKnownFileType = file.storyboard; name = en; path = en.lproj/MainStoryboard.storyboard; sourceTree = "<group>"; };
		85B9865F152746400061660C /* Inspector.xcdatamodel */ = {isa = PBXFileReference; lastKnownFileType = wrapper.xcdatamodel; path = Inspector.xcdatamodel; sourceTree = "<group>"; };
		ACCD9E78B49492EBE2DE5D69 /* libPods-Inspector.a */ = {isa = PBXFileReference; explicitFileType = archive.ar; includeInIndex = 0; path = "libPods-Inspector.a"; sourceTree = BUILT_PRODUCTS_DIR; };
		C7B54C92AE2A7BACED18B93E /* Pods-Inspector.release.xcconfig */ = {isa = PBXFileReference; includeInIndex = 1; lastKnownFileType = text.xcconfig; name = "Pods-Inspector.release.xcconfig"; path = "Pods/Target Support Files/Pods-Inspector/Pods-Inspector.release.xcconfig"; sourceTree = "<group>"; };
/* End PBXFileReference section */

/* Begin PBXFrameworksBuildPhase section */
		85B98640152746400061660C /* Frameworks */ = {
			isa = PBXFrameworksBuildPhase;
			buildActionMask = 2147483647;
			files = (
				3B15C2E415A353E300C1AC0C /* libz.dylib in Frameworks */,
				3B720764155CC19C00F57295 /* MapKit.framework in Frameworks */,
				3B720762155CC18100F57295 /* ImageIO.framework in Frameworks */,
				3B720714155CB24300F57295 /* SystemConfiguration.framework in Frameworks */,
				3B720705155C586200F57295 /* MobileCoreServices.framework in Frameworks */,
				85B98648152746400061660C /* UIKit.framework in Frameworks */,
				85B9864A152746400061660C /* Foundation.framework in Frameworks */,
				85B9864C152746400061660C /* CoreGraphics.framework in Frameworks */,
				85B9864E152746400061660C /* CoreData.framework in Frameworks */,
				0792B27F796AFE32709AD29E /* libPods-Inspector.a in Frameworks */,
			);
			runOnlyForDeploymentPostprocessing = 0;
		};
/* End PBXFrameworksBuildPhase section */

/* Begin PBXGroup section */
		341DD9E79B9A51EF12E37CBA /* Pods */ = {
			isa = PBXGroup;
			children = (
				1D2379CC9BAD8C82A802AAD4 /* Pods-Inspector.debug.xcconfig */,
				C7B54C92AE2A7BACED18B93E /* Pods-Inspector.release.xcconfig */,
			);
			name = Pods;
			sourceTree = "<group>";
		};
		3B26C9E41551B4E10094F61C /* Models */ = {
			isa = PBXGroup;
			children = (
				852FA42F1535AC4500601DC9 /* DPApiClient.h */,
				852FA4301535AC4500601DC9 /* DPApiClient.m */,
				3B26C9E61551B4FC0094F61C /* DPUser.h */,
				3B26C9E71551B4FC0094F61C /* DPUser.m */,
				3B26C9E91551D4870094F61C /* DPJob.h */,
				3B26C9EA1551D4870094F61C /* DPJob.m */,
				3B26C9F5155245680094F61C /* DPInspection.h */,
				3B26C9F61552456A0094F61C /* DPInspection.m */,
				3B7206FE155C474600F57295 /* DPTechnician.h */,
				3B7206FF155C474600F57295 /* DPTechnician.m */,
			);
			name = Models;
			sourceTree = "<group>";
		};
		3B6FEF8B1557595C00F1E224 /* Views */ = {
			isa = PBXGroup;
			children = (
				3B6FEF8D1557597F00F1E224 /* DPInspectionCell.h */,
				3B6FEF8E1557597F00F1E224 /* DPInspectionCell.m */,
			);
			name = Views;
			sourceTree = "<group>";
		};
		3B7206F7155C18B200F57295 /* Controllers */ = {
			isa = PBXGroup;
			children = (
				852FA4071534CCC600601DC9 /* DPJobsTableViewController.h */,
				852FA4081534CCC700601DC9 /* DPJobsTableViewController.m */,
				8598DF30152DCF5200659C42 /* DPInspectionsViewController.h */,
				8598DF31152DCF5200659C42 /* DPInspectionsViewController.m */,
				852FA40315349E1B00601DC9 /* DPNewInspectionTableViewController.h */,
				852FA40415349E1B00601DC9 /* DPNewInspectionTableViewController.m */,
				852622A315444F4B009B72E5 /* DPLoginViewController.h */,
				852622A415444F4B009B72E5 /* DPLoginViewController.m */,
				3B7206F8155C190000F57295 /* DPDamperStatusesViewController.h */,
				3B7206F9155C190000F57295 /* DPDamperStatusesViewController.m */,
				3B7206FB155C26C800F57295 /* DPDamperTypesViewController.h */,
				3B7206FC155C26C800F57295 /* DPDamperTypesViewController.m */,
				3B720701155C573200F57295 /* DPPhotoCaptureViewController.h */,
				3B720702155C573300F57295 /* DPPhotoCaptureViewController.m */,
				3BAB69DD156BF8D90013E4D0 /* DPDamperAirstreamViewController.h */,
				3BAB69DE156BF8D90013E4D0 /* DPDamperAirstreamViewController.m */,
			);
			name = Controllers;
			sourceTree = "<group>";
		};
		852E2877153721A800ACC452 /* CoreData Objects */ = {
			isa = PBXGroup;
			children = (
				852E28731537219D00ACC452 /* Job.h */,
				852E28741537219D00ACC452 /* Job.m */,
				3BFECE04156B542A00EA4364 /* Inspection.h */,
				3BFECE05156B542A00EA4364 /* Inspection.m */,
			);
			name = "CoreData Objects";
			sourceTree = "<group>";
		};
		852FA42E1534EF5D00601DC9 /* Libraries */ = {
			isa = PBXGroup;
			children = (
				3B720778155D504C00F57295 /* UIImage+FixOrientation.h */,
				3B720779155D504C00F57295 /* UIImage+FixOrientation.m */,
			);
			name = Libraries;
			sourceTree = "<group>";
		};
		853BCC0815458ED800163A21 /* Interface Builder */ = {
			isa = PBXGroup;
			children = (
				85B9865B152746400061660C /* MainStoryboard.storyboard */,
				853BCC0A15458F0F00163A21 /* DPLoginViewController.xib */,
			);
			name = "Interface Builder";
			sourceTree = "<group>";
		};
		85B98638152746400061660C = {
			isa = PBXGroup;
			children = (
				852FA42E1534EF5D00601DC9 /* Libraries */,
				85B9864F152746400061660C /* Inspector */,
				85B98646152746400061660C /* Frameworks */,
				85B98644152746400061660C /* Products */,
				341DD9E79B9A51EF12E37CBA /* Pods */,
			);
			sourceTree = "<group>";
		};
		85B98644152746400061660C /* Products */ = {
			isa = PBXGroup;
			children = (
				85B98643152746400061660C /* Inspector.app */,
			);
			name = Products;
			sourceTree = "<group>";
		};
		85B98646152746400061660C /* Frameworks */ = {
			isa = PBXGroup;
			children = (
				3B15C2E315A353E300C1AC0C /* libz.dylib */,
				3B720763155CC19C00F57295 /* MapKit.framework */,
				3B720761155CC18100F57295 /* ImageIO.framework */,
				3B720713155CB24300F57295 /* SystemConfiguration.framework */,
				3B720704155C586100F57295 /* MobileCoreServices.framework */,
				85B98647152746400061660C /* UIKit.framework */,
				85B98649152746400061660C /* Foundation.framework */,
				85B9864B152746400061660C /* CoreGraphics.framework */,
				85B9864D152746400061660C /* CoreData.framework */,
				ACCD9E78B49492EBE2DE5D69 /* libPods-Inspector.a */,
			);
			name = Frameworks;
			sourceTree = "<group>";
		};
		85B9864F152746400061660C /* Inspector */ = {
			isa = PBXGroup;
			children = (
				3B7206F7155C18B200F57295 /* Controllers */,
				3B6FEF8B1557595C00F1E224 /* Views */,
				3B26C9E41551B4E10094F61C /* Models */,
				853BCC0815458ED800163A21 /* Interface Builder */,
				85B98658152746400061660C /* DPAppDelegate.h */,
				85B98659152746400061660C /* DPAppDelegate.m */,
				852E2877153721A800ACC452 /* CoreData Objects */,
				85B98650152746400061660C /* Supporting Files */,
				3B720715155CB29400F57295 /* DPReachability.h */,
				3B720716155CB29500F57295 /* DPReachability.m */,
				3B720781155D74E200F57295 /* DPLocalStorageFetcher.h */,
				3B720782155D74E300F57295 /* DPLocalStorageFetcher.m */,
			);
			path = Inspector;
			sourceTree = "<group>";
		};
		85B98650152746400061660C /* Supporting Files */ = {
			isa = PBXGroup;
			children = (
				85B9865E152746400061660C /* Inspector.xcdatamodeld */,
				85B98651152746400061660C /* Inspector-Info.plist */,
				85B98652152746400061660C /* InfoPlist.strings */,
				85B98655152746400061660C /* main.m */,
				85B98657152746400061660C /* Inspector-Prefix.pch */,
				3B6FEF9015575B1D00F1E224 /* DamperCodes.plist */,
				3B6FEF9215575DED00F1E224 /* DamperStatus.plist */,
				3BFECE08156BCEFA00EA4364 /* DamperAirstream.plist */,
			);
			name = "Supporting Files";
			sourceTree = "<group>";
		};
/* End PBXGroup section */

/* Begin PBXNativeTarget section */
		85B98642152746400061660C /* Inspector */ = {
			isa = PBXNativeTarget;
			buildConfigurationList = 85B98669152746400061660C /* Build configuration list for PBXNativeTarget "Inspector" */;
			buildPhases = (
				A14D3F8517B987D28382EB4C /* Check Pods Manifest.lock */,
				85B9863F152746400061660C /* Sources */,
				85B98640152746400061660C /* Frameworks */,
				85B98641152746400061660C /* Resources */,
				F31A8D4A42346C81AA06CDAB /* Copy Pods Resources */,
			);
			buildRules = (
			);
			dependencies = (
			);
			name = Inspector;
			productName = Inspector;
			productReference = 85B98643152746400061660C /* Inspector.app */;
			productType = "com.apple.product-type.application";
		};
/* End PBXNativeTarget section */

/* Begin PBXProject section */
		85B9863A152746400061660C /* Project object */ = {
			isa = PBXProject;
			attributes = {
				CLASSPREFIX = DP;
				LastUpgradeCheck = 0610;
				ORGANIZATIONNAME = "Mainloop, LLC";
				TargetAttributes = {
					85B98642152746400061660C = {
						DevelopmentTeam = RND85PHW7R;
					};
				};
			};
			buildConfigurationList = 85B9863D152746400061660C /* Build configuration list for PBXProject "Inspector" */;
			compatibilityVersion = "Xcode 3.2";
			developmentRegion = English;
			hasScannedForEncodings = 0;
			knownRegions = (
				en,
			);
			mainGroup = 85B98638152746400061660C;
			productRefGroup = 85B98644152746400061660C /* Products */;
			projectDirPath = "";
			projectRoot = "";
			targets = (
				85B98642152746400061660C /* Inspector */,
			);
		};
/* End PBXProject section */

/* Begin PBXResourcesBuildPhase section */
		85B98641152746400061660C /* Resources */ = {
			isa = PBXResourcesBuildPhase;
			buildActionMask = 2147483647;
			files = (
				85B98654152746400061660C /* InfoPlist.strings in Resources */,
				85B9865D152746400061660C /* MainStoryboard.storyboard in Resources */,
				853BCC0B15458F0F00163A21 /* DPLoginViewController.xib in Resources */,
				3B6FEF9115575B1D00F1E224 /* DamperCodes.plist in Resources */,
				3B6FEF9315575DED00F1E224 /* DamperStatus.plist in Resources */,
				3BFECE09156BCEFA00EA4364 /* DamperAirstream.plist in Resources */,
			);
			runOnlyForDeploymentPostprocessing = 0;
		};
/* End PBXResourcesBuildPhase section */

/* Begin PBXShellScriptBuildPhase section */
		A14D3F8517B987D28382EB4C /* Check Pods Manifest.lock */ = {
			isa = PBXShellScriptBuildPhase;
			buildActionMask = 2147483647;
			files = (
			);
			inputPaths = (
			);
			name = "Check Pods Manifest.lock";
			outputPaths = (
			);
			runOnlyForDeploymentPostprocessing = 0;
			shellPath = /bin/sh;
			shellScript = "diff \"${PODS_ROOT}/../Podfile.lock\" \"${PODS_ROOT}/Manifest.lock\" > /dev/null\nif [[ $? != 0 ]] ; then\n    cat << EOM\nerror: The sandbox is not in sync with the Podfile.lock. Run 'pod install' or update your CocoaPods installation.\nEOM\n    exit 1\nfi\n";
			showEnvVarsInLog = 0;
		};
		F31A8D4A42346C81AA06CDAB /* Copy Pods Resources */ = {
			isa = PBXShellScriptBuildPhase;
			buildActionMask = 2147483647;
			files = (
			);
			inputPaths = (
			);
			name = "Copy Pods Resources";
			outputPaths = (
			);
			runOnlyForDeploymentPostprocessing = 0;
			shellPath = /bin/sh;
			shellScript = "\"${SRCROOT}/Pods/Target Support Files/Pods-Inspector/Pods-Inspector-resources.sh\"\n";
			showEnvVarsInLog = 0;
		};
/* End PBXShellScriptBuildPhase section */

/* Begin PBXSourcesBuildPhase section */
		85B9863F152746400061660C /* Sources */ = {
			isa = PBXSourcesBuildPhase;
			buildActionMask = 2147483647;
			files = (
				85B98656152746400061660C /* main.m in Sources */,
				85B9865A152746400061660C /* DPAppDelegate.m in Sources */,
				85B98660152746400061660C /* Inspector.xcdatamodeld in Sources */,
				8598DF32152DCF5200659C42 /* DPInspectionsViewController.m in Sources */,
				852FA40515349E1B00601DC9 /* DPNewInspectionTableViewController.m in Sources */,
				852FA4091534CCC700601DC9 /* DPJobsTableViewController.m in Sources */,
				852FA4311535AC4500601DC9 /* DPApiClient.m in Sources */,
				852E28751537219E00ACC452 /* Job.m in Sources */,
				852622A515444F4B009B72E5 /* DPLoginViewController.m in Sources */,
				3B26C9E81551B4FC0094F61C /* DPUser.m in Sources */,
				3B26C9EB1551D4880094F61C /* DPJob.m in Sources */,
				3B26C9F71552456C0094F61C /* DPInspection.m in Sources */,
				3B6FEF8F1557597F00F1E224 /* DPInspectionCell.m in Sources */,
				3B7206FA155C190000F57295 /* DPDamperStatusesViewController.m in Sources */,
				3B7206FD155C26C800F57295 /* DPDamperTypesViewController.m in Sources */,
				3B720700155C474700F57295 /* DPTechnician.m in Sources */,
				3B720703155C573300F57295 /* DPPhotoCaptureViewController.m in Sources */,
				3B720717155CB29600F57295 /* DPReachability.m in Sources */,
				3B72077A155D504C00F57295 /* UIImage+FixOrientation.m in Sources */,
				3B720783155D74E600F57295 /* DPLocalStorageFetcher.m in Sources */,
				3BFECE06156B542A00EA4364 /* Inspection.m in Sources */,
				3BAB69DF156BF8D90013E4D0 /* DPDamperAirstreamViewController.m in Sources */,
			);
			runOnlyForDeploymentPostprocessing = 0;
		};
/* End PBXSourcesBuildPhase section */

/* Begin PBXVariantGroup section */
		85B98652152746400061660C /* InfoPlist.strings */ = {
			isa = PBXVariantGroup;
			children = (
				85B98653152746400061660C /* en */,
			);
			name = InfoPlist.strings;
			sourceTree = "<group>";
		};
		85B9865B152746400061660C /* MainStoryboard.storyboard */ = {
			isa = PBXVariantGroup;
			children = (
				85B9865C152746400061660C /* en */,
			);
			name = MainStoryboard.storyboard;
			sourceTree = "<group>";
		};
/* End PBXVariantGroup section */

/* Begin XCBuildConfiguration section */
		85B98667152746400061660C /* Debug */ = {
			isa = XCBuildConfiguration;
			buildSettings = {
				ALWAYS_SEARCH_USER_PATHS = NO;
				CLANG_ENABLE_OBJC_ARC = YES;
				CLANG_WARN_BOOL_CONVERSION = YES;
				CLANG_WARN_CONSTANT_CONVERSION = YES;
				CLANG_WARN_EMPTY_BODY = YES;
				CLANG_WARN_ENUM_CONVERSION = YES;
				CLANG_WARN_INT_CONVERSION = YES;
				CLANG_WARN_UNREACHABLE_CODE = YES;
				CLANG_WARN__DUPLICATE_METHOD_MATCH = YES;
				"CODE_SIGN_IDENTITY[sdk=iphoneos*]" = "iPhone Developer";
				COPY_PHASE_STRIP = NO;
				ENABLE_STRICT_OBJC_MSGSEND = YES;
				GCC_C_LANGUAGE_STANDARD = gnu99;
				GCC_DYNAMIC_NO_PIC = NO;
				GCC_OPTIMIZATION_LEVEL = 0;
				GCC_PREPROCESSOR_DEFINITIONS = (
					"DEBUG=1",
					"$(inherited)",
				);
				GCC_SYMBOLS_PRIVATE_EXTERN = NO;
				GCC_VERSION = com.apple.compilers.llvm.clang.1_0;
				GCC_WARN_64_TO_32_BIT_CONVERSION = YES;
				GCC_WARN_ABOUT_RETURN_TYPE = YES;
				GCC_WARN_UNDECLARED_SELECTOR = YES;
				GCC_WARN_UNINITIALIZED_AUTOS = YES;
				GCC_WARN_UNUSED_FUNCTION = YES;
				GCC_WARN_UNUSED_VARIABLE = YES;
				IPHONEOS_DEPLOYMENT_TARGET = 5.1;
				ONLY_ACTIVE_ARCH = YES;
				SDKROOT = iphoneos;
				TARGETED_DEVICE_FAMILY = 2;
			};
			name = Debug;
		};
		85B98668152746400061660C /* Release */ = {
			isa = XCBuildConfiguration;
			buildSettings = {
				ALWAYS_SEARCH_USER_PATHS = NO;
				CLANG_ENABLE_OBJC_ARC = YES;
				CLANG_WARN_BOOL_CONVERSION = YES;
				CLANG_WARN_CONSTANT_CONVERSION = YES;
				CLANG_WARN_EMPTY_BODY = YES;
				CLANG_WARN_ENUM_CONVERSION = YES;
				CLANG_WARN_INT_CONVERSION = YES;
				CLANG_WARN_UNREACHABLE_CODE = YES;
				CLANG_WARN__DUPLICATE_METHOD_MATCH = YES;
				"CODE_SIGN_IDENTITY[sdk=iphoneos*]" = "iPhone Developer";
				COPY_PHASE_STRIP = YES;
				ENABLE_STRICT_OBJC_MSGSEND = YES;
				GCC_C_LANGUAGE_STANDARD = gnu99;
				GCC_VERSION = com.apple.compilers.llvm.clang.1_0;
				GCC_WARN_64_TO_32_BIT_CONVERSION = YES;
				GCC_WARN_ABOUT_RETURN_TYPE = YES;
				GCC_WARN_UNDECLARED_SELECTOR = YES;
				GCC_WARN_UNINITIALIZED_AUTOS = YES;
				GCC_WARN_UNUSED_FUNCTION = YES;
				GCC_WARN_UNUSED_VARIABLE = YES;
				IPHONEOS_DEPLOYMENT_TARGET = 5.1;
				OTHER_CFLAGS = "-DNS_BLOCK_ASSERTIONS=1";
				SDKROOT = iphoneos;
				TARGETED_DEVICE_FAMILY = 2;
				VALIDATE_PRODUCT = YES;
			};
			name = Release;
		};
		85B9866A152746400061660C /* Debug */ = {
			isa = XCBuildConfiguration;
			baseConfigurationReference = 1D2379CC9BAD8C82A802AAD4 /* Pods-Inspector.debug.xcconfig */;
			buildSettings = {
				CODE_SIGN_IDENTITY = "iPhone Developer";
				"CODE_SIGN_IDENTITY[sdk=iphoneos*]" = "iPhone Developer";
				GCC_PRECOMPILE_PREFIX_HEADER = YES;
				GCC_PREFIX_HEADER = "Inspector/Inspector-Prefix.pch";
				INFOPLIST_FILE = "Inspector/Inspector-Info.plist";
				IPHONEOS_DEPLOYMENT_TARGET = 8.0;
				LIBRARY_SEARCH_PATHS = "$(inherited)";
				OTHER_LDFLAGS = "$(inherited)";
				OTHER_LIBTOOLFLAGS = "$(inherited)";
				PRODUCT_NAME = "$(TARGET_NAME)";
				PROVISIONING_PROFILE = "";
				USER_HEADER_SEARCH_PATHS = "";
				WRAPPER_EXTENSION = app;
			};
			name = Debug;
		};
		85B9866B152746400061660C /* Release */ = {
			isa = XCBuildConfiguration;
			baseConfigurationReference = C7B54C92AE2A7BACED18B93E /* Pods-Inspector.release.xcconfig */;
			buildSettings = {
				CODE_SIGN_IDENTITY = "iPhone Developer";
				"CODE_SIGN_IDENTITY[sdk=iphoneos*]" = "iPhone Developer";
				GCC_PRECOMPILE_PREFIX_HEADER = YES;
				GCC_PREFIX_HEADER = "Inspector/Inspector-Prefix.pch";
				INFOPLIST_FILE = "Inspector/Inspector-Info.plist";
				IPHONEOS_DEPLOYMENT_TARGET = 8.0;
				LIBRARY_SEARCH_PATHS = "$(inherited)";
				OTHER_LDFLAGS = "$(inherited)";
				OTHER_LIBTOOLFLAGS = "$(inherited)";
				PRODUCT_NAME = "$(TARGET_NAME)";
				PROVISIONING_PROFILE = "";
				"PROVISIONING_PROFILE[sdk=iphoneos*]" = "";
				USER_HEADER_SEARCH_PATHS = "";
				WRAPPER_EXTENSION = app;
			};
			name = Release;
		};
/* End XCBuildConfiguration section */

/* Begin XCConfigurationList section */
		85B9863D152746400061660C /* Build configuration list for PBXProject "Inspector" */ = {
			isa = XCConfigurationList;
			buildConfigurations = (
				85B98667152746400061660C /* Debug */,
				85B98668152746400061660C /* Release */,
			);
			defaultConfigurationIsVisible = 0;
			defaultConfigurationName = Release;
		};
		85B98669152746400061660C /* Build configuration list for PBXNativeTarget "Inspector" */ = {
			isa = XCConfigurationList;
			buildConfigurations = (
				85B9866A152746400061660C /* Debug */,
				85B9866B152746400061660C /* Release */,
			);
			defaultConfigurationIsVisible = 0;
			defaultConfigurationName = Release;
		};
/* End XCConfigurationList section */

/* Begin XCVersionGroup section */
		85B9865E152746400061660C /* Inspector.xcdatamodeld */ = {
			isa = XCVersionGroup;
			children = (
				3BFECE07156B54BD00EA4364 /* Inspector 3.xcdatamodel */,
				3BFECDFF156B42BF00EA4364 /* Inspector 2.xcdatamodel */,
				85B9865F152746400061660C /* Inspector.xcdatamodel */,
			);
			currentVersion = 3BFECE07156B54BD00EA4364 /* Inspector 3.xcdatamodel */;
			path = Inspector.xcdatamodeld;
			sourceTree = "<group>";
			versionGroupType = wrapper.xcdatamodel;
		};
/* End XCVersionGroup section */
	};
	rootObject = 85B9863A152746400061660C /* Project object */;
}
